// !$*UTF8*$!
{
	archiveVersion = 1;
	classes = {
	};
	objectVersion = 56;
	objects = {

/* Begin PBXBuildFile section */
		773A66FC2BBF60F900A76933 /* Preview Assets.xcassets in Resources */ = {isa = PBXBuildFile; fileRef = 773A66FB2BBF60F900A76933 /* Preview Assets.xcassets */; };
		773A67202BBF614A00A76933 /* GoogleService-Info.plist in Resources */ = {isa = PBXBuildFile; fileRef = 773A67022BBF614A00A76933 /* GoogleService-Info.plist */; };
		773A67222BBF614A00A76933 /* PlantPantsApp.swift in Sources */ = {isa = PBXBuildFile; fileRef = 773A67052BBF614A00A76933 /* PlantPantsApp.swift */; };
		773A67232BBF614A00A76933 /* navigationBarView.swift in Sources */ = {isa = PBXBuildFile; fileRef = 773A67072BBF614A00A76933 /* navigationBarView.swift */; };
		773A67242BBF614A00A76933 /* PlantCardView.swift in Sources */ = {isa = PBXBuildFile; fileRef = 773A67082BBF614A00A76933 /* PlantCardView.swift */; };
		773A67252BBF614A00A76933 /* HomeProfileView.swift in Sources */ = {isa = PBXBuildFile; fileRef = 773A67092BBF614A00A76933 /* HomeProfileView.swift */; };
		773A67262BBF614A00A76933 /* AuthenticationButtonView.swift in Sources */ = {isa = PBXBuildFile; fileRef = 773A670A2BBF614A00A76933 /* AuthenticationButtonView.swift */; };
		773A67272BBF614A00A76933 /* SettingRowView.swift in Sources */ = {isa = PBXBuildFile; fileRef = 773A670B2BBF614A00A76933 /* SettingRowView.swift */; };
		773A67282BBF614A00A76933 /* NotificationView.swift in Sources */ = {isa = PBXBuildFile; fileRef = 773A670C2BBF614A00A76933 /* NotificationView.swift */; };
		773A67292BBF614A00A76933 /* InputView.swift in Sources */ = {isa = PBXBuildFile; fileRef = 773A670D2BBF614A00A76933 /* InputView.swift */; };
		773A672A2BBF614A00A76933 /* Assets.xcassets in Resources */ = {isa = PBXBuildFile; fileRef = 773A670E2BBF614A00A76933 /* Assets.xcassets */; };
		773A672C2BBF614A00A76933 /* ProfileView.swift in Sources */ = {isa = PBXBuildFile; fileRef = 773A67112BBF614A00A76933 /* ProfileView.swift */; };
		773A672E2BBF614A00A76933 /* LogInView.swift in Sources */ = {isa = PBXBuildFile; fileRef = 773A67132BBF614A00A76933 /* LogInView.swift */; };
		773A672F2BBF614A00A76933 /* HomeView.swift in Sources */ = {isa = PBXBuildFile; fileRef = 773A67142BBF614A00A76933 /* HomeView.swift */; };
		773A67302BBF614A00A76933 /* OptionsView.swift in Sources */ = {isa = PBXBuildFile; fileRef = 773A67152BBF614A00A76933 /* OptionsView.swift */; };
		773A67312BBF614A00A76933 /* SignUpView.swift in Sources */ = {isa = PBXBuildFile; fileRef = 773A67162BBF614A00A76933 /* SignUpView.swift */; };
		773A67342BBF614A00A76933 /* ContentView.swift in Sources */ = {isa = PBXBuildFile; fileRef = 773A671A2BBF614A00A76933 /* ContentView.swift */; };
		773A67352BBF614A00A76933 /* Plant.swift in Sources */ = {isa = PBXBuildFile; fileRef = 773A671C2BBF614A00A76933 /* Plant.swift */; };
		773A67362BBF614A00A76933 /* AppRootManager.swift in Sources */ = {isa = PBXBuildFile; fileRef = 773A671D2BBF614A00A76933 /* AppRootManager.swift */; };
		773A67372BBF614A00A76933 /* Profile.swift in Sources */ = {isa = PBXBuildFile; fileRef = 773A671E2BBF614A00A76933 /* Profile.swift */; };
		773A67382BBF614A00A76933 /* AuthViewModel.swift in Sources */ = {isa = PBXBuildFile; fileRef = 773A671F2BBF614A00A76933 /* AuthViewModel.swift */; };
		773A673B2BBF62D600A76933 /* FirebaseAnalytics in Frameworks */ = {isa = PBXBuildFile; productRef = 773A673A2BBF62D600A76933 /* FirebaseAnalytics */; };
		773A673D2BBF62D600A76933 /* FirebaseAnalyticsOnDeviceConversion in Frameworks */ = {isa = PBXBuildFile; productRef = 773A673C2BBF62D600A76933 /* FirebaseAnalyticsOnDeviceConversion */; };
		773A673F2BBF62D600A76933 /* FirebaseAnalyticsSwift in Frameworks */ = {isa = PBXBuildFile; productRef = 773A673E2BBF62D600A76933 /* FirebaseAnalyticsSwift */; };
		773A67412BBF62D600A76933 /* FirebaseAnalyticsWithoutAdIdSupport in Frameworks */ = {isa = PBXBuildFile; productRef = 773A67402BBF62D600A76933 /* FirebaseAnalyticsWithoutAdIdSupport */; };
		773A67432BBF62D600A76933 /* FirebaseAppCheck in Frameworks */ = {isa = PBXBuildFile; productRef = 773A67422BBF62D600A76933 /* FirebaseAppCheck */; };
		773A67452BBF639C00A76933 /* FirebaseAnalytics in Frameworks */ = {isa = PBXBuildFile; productRef = 773A67442BBF639C00A76933 /* FirebaseAnalytics */; };
		773A67472BBF639C00A76933 /* FirebaseAnalyticsOnDeviceConversion in Frameworks */ = {isa = PBXBuildFile; productRef = 773A67462BBF639C00A76933 /* FirebaseAnalyticsOnDeviceConversion */; };
		773A67492BBF639C00A76933 /* FirebaseAnalyticsSwift in Frameworks */ = {isa = PBXBuildFile; productRef = 773A67482BBF639C00A76933 /* FirebaseAnalyticsSwift */; };
		773A674B2BBF639C00A76933 /* FirebaseAnalyticsWithoutAdIdSupport in Frameworks */ = {isa = PBXBuildFile; productRef = 773A674A2BBF639C00A76933 /* FirebaseAnalyticsWithoutAdIdSupport */; };
		773A674D2BBF639C00A76933 /* FirebaseAppCheck in Frameworks */ = {isa = PBXBuildFile; productRef = 773A674C2BBF639C00A76933 /* FirebaseAppCheck */; };
		773A674F2BBF639C00A76933 /* FirebaseAppDistribution-Beta in Frameworks */ = {isa = PBXBuildFile; productRef = 773A674E2BBF639C00A76933 /* FirebaseAppDistribution-Beta */; };
		773A67512BBF639C00A76933 /* FirebaseAuth in Frameworks */ = {isa = PBXBuildFile; productRef = 773A67502BBF639C00A76933 /* FirebaseAuth */; };
		773A67532BBF639C00A76933 /* FirebaseAuthCombine-Community in Frameworks */ = {isa = PBXBuildFile; productRef = 773A67522BBF639C00A76933 /* FirebaseAuthCombine-Community */; };
		773A67552BBF639C00A76933 /* FirebaseCrashlytics in Frameworks */ = {isa = PBXBuildFile; productRef = 773A67542BBF639C00A76933 /* FirebaseCrashlytics */; };
		773A67572BBF639C00A76933 /* FirebaseDatabase in Frameworks */ = {isa = PBXBuildFile; productRef = 773A67562BBF639C00A76933 /* FirebaseDatabase */; };
		773A67592BBF639C00A76933 /* FirebaseDatabaseSwift in Frameworks */ = {isa = PBXBuildFile; productRef = 773A67582BBF639C00A76933 /* FirebaseDatabaseSwift */; };
		773A675B2BBF639C00A76933 /* FirebaseDynamicLinks in Frameworks */ = {isa = PBXBuildFile; productRef = 773A675A2BBF639C00A76933 /* FirebaseDynamicLinks */; };
		773A675D2BBF639C00A76933 /* FirebaseFirestore in Frameworks */ = {isa = PBXBuildFile; productRef = 773A675C2BBF639C00A76933 /* FirebaseFirestore */; };
		773A675F2BBF639C00A76933 /* FirebaseFirestoreCombine-Community in Frameworks */ = {isa = PBXBuildFile; productRef = 773A675E2BBF639C00A76933 /* FirebaseFirestoreCombine-Community */; };
		773A67612BBF639C00A76933 /* FirebaseFirestoreSwift in Frameworks */ = {isa = PBXBuildFile; productRef = 773A67602BBF639C00A76933 /* FirebaseFirestoreSwift */; };
		773A67632BBF639C00A76933 /* FirebaseFunctions in Frameworks */ = {isa = PBXBuildFile; productRef = 773A67622BBF639C00A76933 /* FirebaseFunctions */; };
		773A67652BBF639C00A76933 /* FirebaseFunctionsCombine-Community in Frameworks */ = {isa = PBXBuildFile; productRef = 773A67642BBF639C00A76933 /* FirebaseFunctionsCombine-Community */; };
		773A67672BBF639C00A76933 /* FirebaseInAppMessaging-Beta in Frameworks */ = {isa = PBXBuildFile; productRef = 773A67662BBF639C00A76933 /* FirebaseInAppMessaging-Beta */; };
		773A67692BBF639C00A76933 /* FirebaseInAppMessagingSwift-Beta in Frameworks */ = {isa = PBXBuildFile; productRef = 773A67682BBF639C00A76933 /* FirebaseInAppMessagingSwift-Beta */; };
		773A676B2BBF639C00A76933 /* FirebaseInstallations in Frameworks */ = {isa = PBXBuildFile; productRef = 773A676A2BBF639C00A76933 /* FirebaseInstallations */; };
		773A676D2BBF639C00A76933 /* FirebaseMLModelDownloader in Frameworks */ = {isa = PBXBuildFile; productRef = 773A676C2BBF639C00A76933 /* FirebaseMLModelDownloader */; };
		773A676F2BBF639C00A76933 /* FirebaseMessaging in Frameworks */ = {isa = PBXBuildFile; productRef = 773A676E2BBF639C00A76933 /* FirebaseMessaging */; };
		773A67712BBF639C00A76933 /* FirebasePerformance in Frameworks */ = {isa = PBXBuildFile; productRef = 773A67702BBF639C00A76933 /* FirebasePerformance */; };
		773A67732BBF639C00A76933 /* FirebaseRemoteConfig in Frameworks */ = {isa = PBXBuildFile; productRef = 773A67722BBF639C00A76933 /* FirebaseRemoteConfig */; };
		773A67752BBF639C00A76933 /* FirebaseRemoteConfigSwift in Frameworks */ = {isa = PBXBuildFile; productRef = 773A67742BBF639C00A76933 /* FirebaseRemoteConfigSwift */; };
		773A67772BBF639C00A76933 /* FirebaseStorage in Frameworks */ = {isa = PBXBuildFile; productRef = 773A67762BBF639C00A76933 /* FirebaseStorage */; };
		773A67792BBF639C00A76933 /* FirebaseStorageCombine-Community in Frameworks */ = {isa = PBXBuildFile; productRef = 773A67782BBF639C00A76933 /* FirebaseStorageCombine-Community */; };
/* End PBXBuildFile section */

/* Begin PBXFileReference section */
		773A66F12BBF60F800A76933 /* PlantPlants.app */ = {isa = PBXFileReference; explicitFileType = wrapper.application; includeInIndex = 0; path = PlantPlants.app; sourceTree = BUILT_PRODUCTS_DIR; };
		773A66FB2BBF60F900A76933 /* Preview Assets.xcassets */ = {isa = PBXFileReference; lastKnownFileType = folder.assetcatalog; path = "Preview Assets.xcassets"; sourceTree = "<group>"; };
		773A67022BBF614A00A76933 /* GoogleService-Info.plist */ = {isa = PBXFileReference; fileEncoding = 4; lastKnownFileType = text.plist.xml; name = "GoogleService-Info.plist"; path = "../../../../../../Downloads/plantpants-prototype/PlantPants/PlantPants/GoogleService-Info.plist"; sourceTree = "<group>"; };
		773A67052BBF614A00A76933 /* PlantPantsApp.swift */ = {isa = PBXFileReference; fileEncoding = 4; lastKnownFileType = sourcecode.swift; name = PlantPantsApp.swift; path = "../../../../../../Downloads/plantpants-prototype/PlantPants/PlantPants/PlantPantsApp.swift"; sourceTree = "<group>"; };
		773A67072BBF614A00A76933 /* navigationBarView.swift */ = {isa = PBXFileReference; fileEncoding = 4; lastKnownFileType = sourcecode.swift; path = navigationBarView.swift; sourceTree = "<group>"; };
		773A67082BBF614A00A76933 /* PlantCardView.swift */ = {isa = PBXFileReference; fileEncoding = 4; lastKnownFileType = sourcecode.swift; path = PlantCardView.swift; sourceTree = "<group>"; };
		773A67092BBF614A00A76933 /* HomeProfileView.swift */ = {isa = PBXFileReference; fileEncoding = 4; lastKnownFileType = sourcecode.swift; path = HomeProfileView.swift; sourceTree = "<group>"; };
		773A670A2BBF614A00A76933 /* AuthenticationButtonView.swift */ = {isa = PBXFileReference; fileEncoding = 4; lastKnownFileType = sourcecode.swift; path = AuthenticationButtonView.swift; sourceTree = "<group>"; };
		773A670B2BBF614A00A76933 /* SettingRowView.swift */ = {isa = PBXFileReference; fileEncoding = 4; lastKnownFileType = sourcecode.swift; path = SettingRowView.swift; sourceTree = "<group>"; };
		773A670C2BBF614A00A76933 /* NotificationView.swift */ = {isa = PBXFileReference; fileEncoding = 4; lastKnownFileType = sourcecode.swift; path = NotificationView.swift; sourceTree = "<group>"; };
		773A670D2BBF614A00A76933 /* InputView.swift */ = {isa = PBXFileReference; fileEncoding = 4; lastKnownFileType = sourcecode.swift; path = InputView.swift; sourceTree = "<group>"; };
		773A670E2BBF614A00A76933 /* Assets.xcassets */ = {isa = PBXFileReference; lastKnownFileType = folder.assetcatalog; name = Assets.xcassets; path = "../../../../../../Downloads/plantpants-prototype/PlantPants/PlantPants/Assets.xcassets"; sourceTree = "<group>"; };
		773A67112BBF614A00A76933 /* ProfileView.swift */ = {isa = PBXFileReference; fileEncoding = 4; lastKnownFileType = sourcecode.swift; path = ProfileView.swift; sourceTree = "<group>"; };
		773A67132BBF614A00A76933 /* LogInView.swift */ = {isa = PBXFileReference; fileEncoding = 4; lastKnownFileType = sourcecode.swift; path = LogInView.swift; sourceTree = "<group>"; };
		773A67142BBF614A00A76933 /* HomeView.swift */ = {isa = PBXFileReference; fileEncoding = 4; lastKnownFileType = sourcecode.swift; path = HomeView.swift; sourceTree = "<group>"; };
		773A67152BBF614A00A76933 /* OptionsView.swift */ = {isa = PBXFileReference; fileEncoding = 4; lastKnownFileType = sourcecode.swift; path = OptionsView.swift; sourceTree = "<group>"; };
		773A67162BBF614A00A76933 /* SignUpView.swift */ = {isa = PBXFileReference; fileEncoding = 4; lastKnownFileType = sourcecode.swift; path = SignUpView.swift; sourceTree = "<group>"; };
		773A671A2BBF614A00A76933 /* ContentView.swift */ = {isa = PBXFileReference; fileEncoding = 4; lastKnownFileType = sourcecode.swift; name = ContentView.swift; path = "../../../../../../Downloads/plantpants-prototype/PlantPants/PlantPants/ContentView.swift"; sourceTree = "<group>"; };
		773A671C2BBF614A00A76933 /* Plant.swift */ = {isa = PBXFileReference; fileEncoding = 4; lastKnownFileType = sourcecode.swift; path = Plant.swift; sourceTree = "<group>"; };
		773A671D2BBF614A00A76933 /* AppRootManager.swift */ = {isa = PBXFileReference; fileEncoding = 4; lastKnownFileType = sourcecode.swift; path = AppRootManager.swift; sourceTree = "<group>"; };
		773A671E2BBF614A00A76933 /* Profile.swift */ = {isa = PBXFileReference; fileEncoding = 4; lastKnownFileType = sourcecode.swift; path = Profile.swift; sourceTree = "<group>"; };
		773A671F2BBF614A00A76933 /* AuthViewModel.swift */ = {isa = PBXFileReference; fileEncoding = 4; lastKnownFileType = sourcecode.swift; path = AuthViewModel.swift; sourceTree = "<group>"; };
/* End PBXFileReference section */

/* Begin PBXFrameworksBuildPhase section */
		773A66EE2BBF60F800A76933 /* Frameworks */ = {
			isa = PBXFrameworksBuildPhase;
			buildActionMask = 2147483647;
			files = (
				773A676F2BBF639C00A76933 /* FirebaseMessaging in Frameworks */,
				773A675F2BBF639C00A76933 /* FirebaseFirestoreCombine-Community in Frameworks */,
				773A67572BBF639C00A76933 /* FirebaseDatabase in Frameworks */,
				773A673F2BBF62D600A76933 /* FirebaseAnalyticsSwift in Frameworks */,
				773A67772BBF639C00A76933 /* FirebaseStorage in Frameworks */,
				773A673B2BBF62D600A76933 /* FirebaseAnalytics in Frameworks */,
				773A67452BBF639C00A76933 /* FirebaseAnalytics in Frameworks */,
				773A67552BBF639C00A76933 /* FirebaseCrashlytics in Frameworks */,
				773A675D2BBF639C00A76933 /* FirebaseFirestore in Frameworks */,
				773A675B2BBF639C00A76933 /* FirebaseDynamicLinks in Frameworks */,
				773A67792BBF639C00A76933 /* FirebaseStorageCombine-Community in Frameworks */,
				773A67472BBF639C00A76933 /* FirebaseAnalyticsOnDeviceConversion in Frameworks */,
				773A67652BBF639C00A76933 /* FirebaseFunctionsCombine-Community in Frameworks */,
				773A67692BBF639C00A76933 /* FirebaseInAppMessagingSwift-Beta in Frameworks */,
				773A676D2BBF639C00A76933 /* FirebaseMLModelDownloader in Frameworks */,
				773A67672BBF639C00A76933 /* FirebaseInAppMessaging-Beta in Frameworks */,
				773A67712BBF639C00A76933 /* FirebasePerformance in Frameworks */,
				773A67532BBF639C00A76933 /* FirebaseAuthCombine-Community in Frameworks */,
				773A67492BBF639C00A76933 /* FirebaseAnalyticsSwift in Frameworks */,
				773A67592BBF639C00A76933 /* FirebaseDatabaseSwift in Frameworks */,
				773A673D2BBF62D600A76933 /* FirebaseAnalyticsOnDeviceConversion in Frameworks */,
				773A67732BBF639C00A76933 /* FirebaseRemoteConfig in Frameworks */,
				773A67432BBF62D600A76933 /* FirebaseAppCheck in Frameworks */,
				773A67512BBF639C00A76933 /* FirebaseAuth in Frameworks */,
				773A67632BBF639C00A76933 /* FirebaseFunctions in Frameworks */,
				773A676B2BBF639C00A76933 /* FirebaseInstallations in Frameworks */,
				773A67612BBF639C00A76933 /* FirebaseFirestoreSwift in Frameworks */,
				773A674B2BBF639C00A76933 /* FirebaseAnalyticsWithoutAdIdSupport in Frameworks */,
				773A674D2BBF639C00A76933 /* FirebaseAppCheck in Frameworks */,
				773A67752BBF639C00A76933 /* FirebaseRemoteConfigSwift in Frameworks */,
				773A674F2BBF639C00A76933 /* FirebaseAppDistribution-Beta in Frameworks */,
				773A67412BBF62D600A76933 /* FirebaseAnalyticsWithoutAdIdSupport in Frameworks */,
			);
			runOnlyForDeploymentPostprocessing = 0;
		};
/* End PBXFrameworksBuildPhase section */

/* Begin PBXGroup section */
		773A66E82BBF60F800A76933 = {
			isa = PBXGroup;
			children = (
				773A66F32BBF60F800A76933 /* PlantPlants */,
				773A66F22BBF60F800A76933 /* Products */,
			);
			sourceTree = "<group>";
		};
		773A66F22BBF60F800A76933 /* Products */ = {
			isa = PBXGroup;
			children = (
				773A66F12BBF60F800A76933 /* PlantPlants.app */,
			);
			name = Products;
			sourceTree = "<group>";
		};
		773A66F32BBF60F800A76933 /* PlantPlants */ = {
			isa = PBXGroup;
			children = (
				773A670E2BBF614A00A76933 /* Assets.xcassets */,
				773A67032BBF614A00A76933 /* Buttons */,
				773A67062BBF614A00A76933 /* Components */,
				773A671A2BBF614A00A76933 /* ContentView.swift */,
				773A67022BBF614A00A76933 /* GoogleService-Info.plist */,
				773A671B2BBF614A00A76933 /* Model */,
				773A67052BBF614A00A76933 /* PlantPantsApp.swift */,
				773A670F2BBF614A00A76933 /* View */,
				773A66FA2BBF60F900A76933 /* Preview Content */,
			);
			path = PlantPlants;
			sourceTree = "<group>";
		};
		773A66FA2BBF60F900A76933 /* Preview Content */ = {
			isa = PBXGroup;
			children = (
				773A66FB2BBF60F900A76933 /* Preview Assets.xcassets */,
			);
			path = "Preview Content";
			sourceTree = "<group>";
		};
		773A67032BBF614A00A76933 /* Buttons */ = {
			isa = PBXGroup;
			children = (
			);
			name = Buttons;
			path = "../../../../../../Downloads/plantpants-prototype/PlantPants/PlantPants/Buttons";
			sourceTree = "<group>";
		};
		773A67062BBF614A00A76933 /* Components */ = {
			isa = PBXGroup;
			children = (
				773A67072BBF614A00A76933 /* navigationBarView.swift */,
				773A67082BBF614A00A76933 /* PlantCardView.swift */,
				773A67092BBF614A00A76933 /* HomeProfileView.swift */,
				773A670A2BBF614A00A76933 /* AuthenticationButtonView.swift */,
				773A670B2BBF614A00A76933 /* SettingRowView.swift */,
				773A670C2BBF614A00A76933 /* NotificationView.swift */,
				773A670D2BBF614A00A76933 /* InputView.swift */,
			);
			name = Components;
			path = "../../../../../../Downloads/plantpants-prototype/PlantPants/PlantPants/Components";
			sourceTree = "<group>";
		};
		773A670F2BBF614A00A76933 /* View */ = {
			isa = PBXGroup;
			children = (
				773A67112BBF614A00A76933 /* ProfileView.swift */,
				773A67132BBF614A00A76933 /* LogInView.swift */,
				773A67142BBF614A00A76933 /* HomeView.swift */,
				773A67152BBF614A00A76933 /* OptionsView.swift */,
				773A67162BBF614A00A76933 /* SignUpView.swift */,
			);
			name = View;
			path = "../../../../../../Downloads/plantpants-prototype/PlantPants/PlantPants/View";
			sourceTree = "<group>";
		};
		773A671B2BBF614A00A76933 /* Model */ = {
			isa = PBXGroup;
			children = (
				773A671C2BBF614A00A76933 /* Plant.swift */,
				773A671D2BBF614A00A76933 /* AppRootManager.swift */,
				773A671E2BBF614A00A76933 /* Profile.swift */,
				773A671F2BBF614A00A76933 /* AuthViewModel.swift */,
			);
			name = Model;
			path = "../../../../../../Downloads/plantpants-prototype/PlantPants/PlantPants/Model";
			sourceTree = "<group>";
		};
/* End PBXGroup section */

/* Begin PBXNativeTarget section */
		773A66F02BBF60F800A76933 /* PlantPlants */ = {
			isa = PBXNativeTarget;
			buildConfigurationList = 773A66FF2BBF60F900A76933 /* Build configuration list for PBXNativeTarget "PlantPlants" */;
			buildPhases = (
				773A66ED2BBF60F800A76933 /* Sources */,
				773A66EE2BBF60F800A76933 /* Frameworks */,
				773A66EF2BBF60F800A76933 /* Resources */,
			);
			buildRules = (
			);
			dependencies = (
			);
			name = PlantPlants;
			packageProductDependencies = (
				773A673A2BBF62D600A76933 /* FirebaseAnalytics */,
				773A673C2BBF62D600A76933 /* FirebaseAnalyticsOnDeviceConversion */,
				773A673E2BBF62D600A76933 /* FirebaseAnalyticsSwift */,
				773A67402BBF62D600A76933 /* FirebaseAnalyticsWithoutAdIdSupport */,
				773A67422BBF62D600A76933 /* FirebaseAppCheck */,
				773A67442BBF639C00A76933 /* FirebaseAnalytics */,
				773A67462BBF639C00A76933 /* FirebaseAnalyticsOnDeviceConversion */,
				773A67482BBF639C00A76933 /* FirebaseAnalyticsSwift */,
				773A674A2BBF639C00A76933 /* FirebaseAnalyticsWithoutAdIdSupport */,
				773A674C2BBF639C00A76933 /* FirebaseAppCheck */,
				773A674E2BBF639C00A76933 /* FirebaseAppDistribution-Beta */,
				773A67502BBF639C00A76933 /* FirebaseAuth */,
				773A67522BBF639C00A76933 /* FirebaseAuthCombine-Community */,
				773A67542BBF639C00A76933 /* FirebaseCrashlytics */,
				773A67562BBF639C00A76933 /* FirebaseDatabase */,
				773A67582BBF639C00A76933 /* FirebaseDatabaseSwift */,
				773A675A2BBF639C00A76933 /* FirebaseDynamicLinks */,
				773A675C2BBF639C00A76933 /* FirebaseFirestore */,
				773A675E2BBF639C00A76933 /* FirebaseFirestoreCombine-Community */,
				773A67602BBF639C00A76933 /* FirebaseFirestoreSwift */,
				773A67622BBF639C00A76933 /* FirebaseFunctions */,
				773A67642BBF639C00A76933 /* FirebaseFunctionsCombine-Community */,
				773A67662BBF639C00A76933 /* FirebaseInAppMessaging-Beta */,
				773A67682BBF639C00A76933 /* FirebaseInAppMessagingSwift-Beta */,
				773A676A2BBF639C00A76933 /* FirebaseInstallations */,
				773A676C2BBF639C00A76933 /* FirebaseMLModelDownloader */,
				773A676E2BBF639C00A76933 /* FirebaseMessaging */,
				773A67702BBF639C00A76933 /* FirebasePerformance */,
				773A67722BBF639C00A76933 /* FirebaseRemoteConfig */,
				773A67742BBF639C00A76933 /* FirebaseRemoteConfigSwift */,
				773A67762BBF639C00A76933 /* FirebaseStorage */,
				773A67782BBF639C00A76933 /* FirebaseStorageCombine-Community */,
			);
			productName = PlantPlants;
			productReference = 773A66F12BBF60F800A76933 /* PlantPlants.app */;
			productType = "com.apple.product-type.application";
		};
/* End PBXNativeTarget section */

/* Begin PBXProject section */
		773A66E92BBF60F800A76933 /* Project object */ = {
			isa = PBXProject;
			attributes = {
				BuildIndependentTargetsInParallel = 1;
				LastSwiftUpdateCheck = 1520;
				LastUpgradeCheck = 1520;
				TargetAttributes = {
					773A66F02BBF60F800A76933 = {
						CreatedOnToolsVersion = 15.2;
					};
				};
			};
			buildConfigurationList = 773A66EC2BBF60F800A76933 /* Build configuration list for PBXProject "PlantPlants" */;
			compatibilityVersion = "Xcode 14.0";
			developmentRegion = en;
			hasScannedForEncodings = 0;
			knownRegions = (
				en,
				Base,
			);
			mainGroup = 773A66E82BBF60F800A76933;
			packageReferences = (
				773A67392BBF62D600A76933 /* XCRemoteSwiftPackageReference "firebase-ios-sdk" */,
			);
			productRefGroup = 773A66F22BBF60F800A76933 /* Products */;
			projectDirPath = "";
			projectRoot = "";
			targets = (
				773A66F02BBF60F800A76933 /* PlantPlants */,
			);
		};
/* End PBXProject section */

/* Begin PBXResourcesBuildPhase section */
		773A66EF2BBF60F800A76933 /* Resources */ = {
			isa = PBXResourcesBuildPhase;
			buildActionMask = 2147483647;
			files = (
				773A66FC2BBF60F900A76933 /* Preview Assets.xcassets in Resources */,
				773A672A2BBF614A00A76933 /* Assets.xcassets in Resources */,
				773A67202BBF614A00A76933 /* GoogleService-Info.plist in Resources */,
			);
			runOnlyForDeploymentPostprocessing = 0;
		};
/* End PBXResourcesBuildPhase section */

/* Begin PBXSourcesBuildPhase section */
		773A66ED2BBF60F800A76933 /* Sources */ = {
			isa = PBXSourcesBuildPhase;
			buildActionMask = 2147483647;
			files = (
				773A672E2BBF614A00A76933 /* LogInView.swift in Sources */,
				773A67262BBF614A00A76933 /* AuthenticationButtonView.swift in Sources */,
				773A672C2BBF614A00A76933 /* ProfileView.swift in Sources */,
				773A67372BBF614A00A76933 /* Profile.swift in Sources */,
				773A67362BBF614A00A76933 /* AppRootManager.swift in Sources */,
				773A67222BBF614A00A76933 /* PlantPantsApp.swift in Sources */,
				773A67352BBF614A00A76933 /* Plant.swift in Sources */,
				773A67232BBF614A00A76933 /* navigationBarView.swift in Sources */,
				773A67342BBF614A00A76933 /* ContentView.swift in Sources */,
				773A67252BBF614A00A76933 /* HomeProfileView.swift in Sources */,
				773A67242BBF614A00A76933 /* PlantCardView.swift in Sources */,
				773A67292BBF614A00A76933 /* InputView.swift in Sources */,
				773A67272BBF614A00A76933 /* SettingRowView.swift in Sources */,
				773A672F2BBF614A00A76933 /* HomeView.swift in Sources */,
				773A67302BBF614A00A76933 /* OptionsView.swift in Sources */,
				773A67382BBF614A00A76933 /* AuthViewModel.swift in Sources */,
				773A67282BBF614A00A76933 /* NotificationView.swift in Sources */,
				773A67312BBF614A00A76933 /* SignUpView.swift in Sources */,
			);
			runOnlyForDeploymentPostprocessing = 0;
		};
/* End PBXSourcesBuildPhase section */

/* Begin XCBuildConfiguration section */
		773A66FD2BBF60F900A76933 /* Debug */ = {
			isa = XCBuildConfiguration;
			buildSettings = {
				ALWAYS_SEARCH_USER_PATHS = NO;
				ASSETCATALOG_COMPILER_GENERATE_SWIFT_ASSET_SYMBOL_EXTENSIONS = YES;
				CLANG_ANALYZER_NONNULL = YES;
				CLANG_ANALYZER_NUMBER_OBJECT_CONVERSION = YES_AGGRESSIVE;
				CLANG_CXX_LANGUAGE_STANDARD = "gnu++20";
				CLANG_ENABLE_MODULES = YES;
				CLANG_ENABLE_OBJC_ARC = YES;
				CLANG_ENABLE_OBJC_WEAK = YES;
				CLANG_WARN_BLOCK_CAPTURE_AUTORELEASING = YES;
				CLANG_WARN_BOOL_CONVERSION = YES;
				CLANG_WARN_COMMA = YES;
				CLANG_WARN_CONSTANT_CONVERSION = YES;
				CLANG_WARN_DEPRECATED_OBJC_IMPLEMENTATIONS = YES;
				CLANG_WARN_DIRECT_OBJC_ISA_USAGE = YES_ERROR;
				CLANG_WARN_DOCUMENTATION_COMMENTS = YES;
				CLANG_WARN_EMPTY_BODY = YES;
				CLANG_WARN_ENUM_CONVERSION = YES;
				CLANG_WARN_INFINITE_RECURSION = YES;
				CLANG_WARN_INT_CONVERSION = YES;
				CLANG_WARN_NON_LITERAL_NULL_CONVERSION = YES;
				CLANG_WARN_OBJC_IMPLICIT_RETAIN_SELF = YES;
				CLANG_WARN_OBJC_LITERAL_CONVERSION = YES;
				CLANG_WARN_OBJC_ROOT_CLASS = YES_ERROR;
				CLANG_WARN_QUOTED_INCLUDE_IN_FRAMEWORK_HEADER = YES;
				CLANG_WARN_RANGE_LOOP_ANALYSIS = YES;
				CLANG_WARN_STRICT_PROTOTYPES = YES;
				CLANG_WARN_SUSPICIOUS_MOVE = YES;
				CLANG_WARN_UNGUARDED_AVAILABILITY = YES_AGGRESSIVE;
				CLANG_WARN_UNREACHABLE_CODE = YES;
				CLANG_WARN__DUPLICATE_METHOD_MATCH = YES;
				COPY_PHASE_STRIP = NO;
				DEBUG_INFORMATION_FORMAT = dwarf;
				ENABLE_STRICT_OBJC_MSGSEND = YES;
				ENABLE_TESTABILITY = YES;
				ENABLE_USER_SCRIPT_SANDBOXING = YES;
				GCC_C_LANGUAGE_STANDARD = gnu17;
				GCC_DYNAMIC_NO_PIC = NO;
				GCC_NO_COMMON_BLOCKS = YES;
				GCC_OPTIMIZATION_LEVEL = 0;
				GCC_PREPROCESSOR_DEFINITIONS = (
					"DEBUG=1",
					"$(inherited)",
				);
				GCC_WARN_64_TO_32_BIT_CONVERSION = YES;
				GCC_WARN_ABOUT_RETURN_TYPE = YES_ERROR;
				GCC_WARN_UNDECLARED_SELECTOR = YES;
				GCC_WARN_UNINITIALIZED_AUTOS = YES_AGGRESSIVE;
				GCC_WARN_UNUSED_FUNCTION = YES;
				GCC_WARN_UNUSED_VARIABLE = YES;
				IPHONEOS_DEPLOYMENT_TARGET = 17.2;
				LOCALIZATION_PREFERS_STRING_CATALOGS = YES;
				MTL_ENABLE_DEBUG_INFO = INCLUDE_SOURCE;
				MTL_FAST_MATH = YES;
				ONLY_ACTIVE_ARCH = YES;
				SDKROOT = iphoneos;
				SWIFT_ACTIVE_COMPILATION_CONDITIONS = "DEBUG $(inherited)";
				SWIFT_OPTIMIZATION_LEVEL = "-Onone";
			};
			name = Debug;
		};
		773A66FE2BBF60F900A76933 /* Release */ = {
			isa = XCBuildConfiguration;
			buildSettings = {
				ALWAYS_SEARCH_USER_PATHS = NO;
				ASSETCATALOG_COMPILER_GENERATE_SWIFT_ASSET_SYMBOL_EXTENSIONS = YES;
				CLANG_ANALYZER_NONNULL = YES;
				CLANG_ANALYZER_NUMBER_OBJECT_CONVERSION = YES_AGGRESSIVE;
				CLANG_CXX_LANGUAGE_STANDARD = "gnu++20";
				CLANG_ENABLE_MODULES = YES;
				CLANG_ENABLE_OBJC_ARC = YES;
				CLANG_ENABLE_OBJC_WEAK = YES;
				CLANG_WARN_BLOCK_CAPTURE_AUTORELEASING = YES;
				CLANG_WARN_BOOL_CONVERSION = YES;
				CLANG_WARN_COMMA = YES;
				CLANG_WARN_CONSTANT_CONVERSION = YES;
				CLANG_WARN_DEPRECATED_OBJC_IMPLEMENTATIONS = YES;
				CLANG_WARN_DIRECT_OBJC_ISA_USAGE = YES_ERROR;
				CLANG_WARN_DOCUMENTATION_COMMENTS = YES;
				CLANG_WARN_EMPTY_BODY = YES;
				CLANG_WARN_ENUM_CONVERSION = YES;
				CLANG_WARN_INFINITE_RECURSION = YES;
				CLANG_WARN_INT_CONVERSION = YES;
				CLANG_WARN_NON_LITERAL_NULL_CONVERSION = YES;
				CLANG_WARN_OBJC_IMPLICIT_RETAIN_SELF = YES;
				CLANG_WARN_OBJC_LITERAL_CONVERSION = YES;
				CLANG_WARN_OBJC_ROOT_CLASS = YES_ERROR;
				CLANG_WARN_QUOTED_INCLUDE_IN_FRAMEWORK_HEADER = YES;
				CLANG_WARN_RANGE_LOOP_ANALYSIS = YES;
				CLANG_WARN_STRICT_PROTOTYPES = YES;
				CLANG_WARN_SUSPICIOUS_MOVE = YES;
				CLANG_WARN_UNGUARDED_AVAILABILITY = YES_AGGRESSIVE;
				CLANG_WARN_UNREACHABLE_CODE = YES;
				CLANG_WARN__DUPLICATE_METHOD_MATCH = YES;
				COPY_PHASE_STRIP = NO;
				DEBUG_INFORMATION_FORMAT = "dwarf-with-dsym";
				ENABLE_NS_ASSERTIONS = NO;
				ENABLE_STRICT_OBJC_MSGSEND = YES;
				ENABLE_USER_SCRIPT_SANDBOXING = YES;
				GCC_C_LANGUAGE_STANDARD = gnu17;
				GCC_NO_COMMON_BLOCKS = YES;
				GCC_WARN_64_TO_32_BIT_CONVERSION = YES;
				GCC_WARN_ABOUT_RETURN_TYPE = YES_ERROR;
				GCC_WARN_UNDECLARED_SELECTOR = YES;
				GCC_WARN_UNINITIALIZED_AUTOS = YES_AGGRESSIVE;
				GCC_WARN_UNUSED_FUNCTION = YES;
				GCC_WARN_UNUSED_VARIABLE = YES;
				IPHONEOS_DEPLOYMENT_TARGET = 17.2;
				LOCALIZATION_PREFERS_STRING_CATALOGS = YES;
				MTL_ENABLE_DEBUG_INFO = NO;
				MTL_FAST_MATH = YES;
				SDKROOT = iphoneos;
				SWIFT_COMPILATION_MODE = wholemodule;
				VALIDATE_PRODUCT = YES;
			};
			name = Release;
		};
		773A67002BBF60F900A76933 /* Debug */ = {
			isa = XCBuildConfiguration;
			buildSettings = {
				ASSETCATALOG_COMPILER_APPICON_NAME = AppIcon;
				ASSETCATALOG_COMPILER_GLOBAL_ACCENT_COLOR_NAME = AccentColor;
				CODE_SIGN_STYLE = Automatic;
				CURRENT_PROJECT_VERSION = 1;
				DEVELOPMENT_ASSET_PATHS = "\"PlantPlants/Preview Content\"";
				DEVELOPMENT_TEAM = CBAGH9Q6C8;
				ENABLE_PREVIEWS = YES;
				GENERATE_INFOPLIST_FILE = YES;
				INFOPLIST_KEY_UIApplicationSceneManifest_Generation = YES;
				INFOPLIST_KEY_UIApplicationSupportsIndirectInputEvents = YES;
				INFOPLIST_KEY_UILaunchScreen_Generation = YES;
				INFOPLIST_KEY_UISupportedInterfaceOrientations_iPad = "UIInterfaceOrientationPortrait UIInterfaceOrientationPortraitUpsideDown UIInterfaceOrientationLandscapeLeft UIInterfaceOrientationLandscapeRight";
				INFOPLIST_KEY_UISupportedInterfaceOrientations_iPhone = "UIInterfaceOrientationPortrait UIInterfaceOrientationLandscapeLeft UIInterfaceOrientationLandscapeRight";
				LD_RUNPATH_SEARCH_PATHS = (
					"$(inherited)",
					"@executable_path/Frameworks",
				);
				MARKETING_VERSION = 1.0;
				PRODUCT_BUNDLE_IDENTIFIER = usc.PlantPlants;
				PRODUCT_NAME = "$(TARGET_NAME)";
				SWIFT_EMIT_LOC_STRINGS = YES;
				SWIFT_VERSION = 5.0;
				TARGETED_DEVICE_FAMILY = "1,2";
			};
			name = Debug;
		};
		773A67012BBF60F900A76933 /* Release */ = {
			isa = XCBuildConfiguration;
			buildSettings = {
				ASSETCATALOG_COMPILER_APPICON_NAME = AppIcon;
				ASSETCATALOG_COMPILER_GLOBAL_ACCENT_COLOR_NAME = AccentColor;
				CODE_SIGN_STYLE = Automatic;
				CURRENT_PROJECT_VERSION = 1;
				DEVELOPMENT_ASSET_PATHS = "\"PlantPlants/Preview Content\"";
				DEVELOPMENT_TEAM = CBAGH9Q6C8;
				ENABLE_PREVIEWS = YES;
				GENERATE_INFOPLIST_FILE = YES;
				INFOPLIST_KEY_UIApplicationSceneManifest_Generation = YES;
				INFOPLIST_KEY_UIApplicationSupportsIndirectInputEvents = YES;
				INFOPLIST_KEY_UILaunchScreen_Generation = YES;
				INFOPLIST_KEY_UISupportedInterfaceOrientations_iPad = "UIInterfaceOrientationPortrait UIInterfaceOrientationPortraitUpsideDown UIInterfaceOrientationLandscapeLeft UIInterfaceOrientationLandscapeRight";
				INFOPLIST_KEY_UISupportedInterfaceOrientations_iPhone = "UIInterfaceOrientationPortrait UIInterfaceOrientationLandscapeLeft UIInterfaceOrientationLandscapeRight";
				LD_RUNPATH_SEARCH_PATHS = (
					"$(inherited)",
					"@executable_path/Frameworks",
				);
				MARKETING_VERSION = 1.0;
				PRODUCT_BUNDLE_IDENTIFIER = usc.PlantPlants;
				PRODUCT_NAME = "$(TARGET_NAME)";
				SWIFT_EMIT_LOC_STRINGS = YES;
				SWIFT_VERSION = 5.0;
				TARGETED_DEVICE_FAMILY = "1,2";
			};
			name = Release;
		};
/* End XCBuildConfiguration section */

/* Begin XCConfigurationList section */
		773A66EC2BBF60F800A76933 /* Build configuration list for PBXProject "PlantPlants" */ = {
			isa = XCConfigurationList;
			buildConfigurations = (
				773A66FD2BBF60F900A76933 /* Debug */,
				773A66FE2BBF60F900A76933 /* Release */,
			);
			defaultConfigurationIsVisible = 0;
			defaultConfigurationName = Release;
		};
		773A66FF2BBF60F900A76933 /* Build configuration list for PBXNativeTarget "PlantPlants" */ = {
			isa = XCConfigurationList;
			buildConfigurations = (
				773A67002BBF60F900A76933 /* Debug */,
				773A67012BBF60F900A76933 /* Release */,
			);
			defaultConfigurationIsVisible = 0;
			defaultConfigurationName = Release;
		};
/* End XCConfigurationList section */

/* Begin XCRemoteSwiftPackageReference section */
		773A67392BBF62D600A76933 /* XCRemoteSwiftPackageReference "firebase-ios-sdk" */ = {
			isa = XCRemoteSwiftPackageReference;
			repositoryURL = "https://github.com/firebase/firebase-ios-sdk";
			requirement = {
				kind = upToNextMajorVersion;
				minimumVersion = 10.23.1;
			};
		};
/* End XCRemoteSwiftPackageReference section */

/* Begin XCSwiftPackageProductDependency section */
		773A673A2BBF62D600A76933 /* FirebaseAnalytics */ = {
			isa = XCSwiftPackageProductDependency;
			package = 773A67392BBF62D600A76933 /* XCRemoteSwiftPackageReference "firebase-ios-sdk" */;
			productName = FirebaseAnalytics;
		};
		773A673C2BBF62D600A76933 /* FirebaseAnalyticsOnDeviceConversion */ = {
			isa = XCSwiftPackageProductDependency;
			package = 773A67392BBF62D600A76933 /* XCRemoteSwiftPackageReference "firebase-ios-sdk" */;
			productName = FirebaseAnalyticsOnDeviceConversion;
		};
		773A673E2BBF62D600A76933 /* FirebaseAnalyticsSwift */ = {
			isa = XCSwiftPackageProductDependency;
			package = 773A67392BBF62D600A76933 /* XCRemoteSwiftPackageReference "firebase-ios-sdk" */;
			productName = FirebaseAnalyticsSwift;
		};
		773A67402BBF62D600A76933 /* FirebaseAnalyticsWithoutAdIdSupport */ = {
			isa = XCSwiftPackageProductDependency;
			package = 773A67392BBF62D600A76933 /* XCRemoteSwiftPackageReference "firebase-ios-sdk" */;
			productName = FirebaseAnalyticsWithoutAdIdSupport;
		};
		773A67422BBF62D600A76933 /* FirebaseAppCheck */ = {
			isa = XCSwiftPackageProductDependency;
			package = 773A67392BBF62D600A76933 /* XCRemoteSwiftPackageReference "firebase-ios-sdk" */;
			productName = FirebaseAppCheck;
		};
		773A67442BBF639C00A76933 /* FirebaseAnalytics */ = {
			isa = XCSwiftPackageProductDependency;
			productName = FirebaseAnalytics;
		};
		773A67462BBF639C00A76933 /* FirebaseAnalyticsOnDeviceConversion */ = {
			isa = XCSwiftPackageProductDependency;
			productName = FirebaseAnalyticsOnDeviceConversion;
		};
		773A67482BBF639C00A76933 /* FirebaseAnalyticsSwift */ = {
			isa = XCSwiftPackageProductDependency;
			productName = FirebaseAnalyticsSwift;
		};
		773A674A2BBF639C00A76933 /* FirebaseAnalyticsWithoutAdIdSupport */ = {
			isa = XCSwiftPackageProductDependency;
			productName = FirebaseAnalyticsWithoutAdIdSupport;
		};
		773A674C2BBF639C00A76933 /* FirebaseAppCheck */ = {
			isa = XCSwiftPackageProductDependency;
			productName = FirebaseAppCheck;
		};
		773A674E2BBF639C00A76933 /* FirebaseAppDistribution-Beta */ = {
			isa = XCSwiftPackageProductDependency;
			productName = "FirebaseAppDistribution-Beta";
		};
		773A67502BBF639C00A76933 /* FirebaseAuth */ = {
			isa = XCSwiftPackageProductDependency;
			productName = FirebaseAuth;
		};
		773A67522BBF639C00A76933 /* FirebaseAuthCombine-Community */ = {
			isa = XCSwiftPackageProductDependency;
			productName = "FirebaseAuthCombine-Community";
		};
		773A67542BBF639C00A76933 /* FirebaseCrashlytics */ = {
			isa = XCSwiftPackageProductDependency;
			productName = FirebaseCrashlytics;
		};
		773A67562BBF639C00A76933 /* FirebaseDatabase */ = {
			isa = XCSwiftPackageProductDependency;
			productName = FirebaseDatabase;
		};
		773A67582BBF639C00A76933 /* FirebaseDatabaseSwift */ = {
			isa = XCSwiftPackageProductDependency;
			productName = FirebaseDatabaseSwift;
		};
		773A675A2BBF639C00A76933 /* FirebaseDynamicLinks */ = {
			isa = XCSwiftPackageProductDependency;
			productName = FirebaseDynamicLinks;
		};
		773A675C2BBF639C00A76933 /* FirebaseFirestore */ = {
			isa = XCSwiftPackageProductDependency;
			productName = FirebaseFirestore;
		};
		773A675E2BBF639C00A76933 /* FirebaseFirestoreCombine-Community */ = {
			isa = XCSwiftPackageProductDependency;
			productName = "FirebaseFirestoreCombine-Community";
		};
		773A67602BBF639C00A76933 /* FirebaseFirestoreSwift */ = {
			isa = XCSwiftPackageProductDependency;
			productName = FirebaseFirestoreSwift;
		};
		773A67622BBF639C00A76933 /* FirebaseFunctions */ = {
			isa = XCSwiftPackageProductDependency;
			productName = FirebaseFunctions;
		};
		773A67642BBF639C00A76933 /* FirebaseFunctionsCombine-Community */ = {
			isa = XCSwiftPackageProductDependency;
			productName = "FirebaseFunctionsCombine-Community";
		};
		773A67662BBF639C00A76933 /* FirebaseInAppMessaging-Beta */ = {
			isa = XCSwiftPackageProductDependency;
			productName = "FirebaseInAppMessaging-Beta";
		};
		773A67682BBF639C00A76933 /* FirebaseInAppMessagingSwift-Beta */ = {
			isa = XCSwiftPackageProductDependency;
			productName = "FirebaseInAppMessagingSwift-Beta";
		};
		773A676A2BBF639C00A76933 /* FirebaseInstallations */ = {
			isa = XCSwiftPackageProductDependency;
			productName = FirebaseInstallations;
		};
		773A676C2BBF639C00A76933 /* FirebaseMLModelDownloader */ = {
			isa = XCSwiftPackageProductDependency;
			productName = FirebaseMLModelDownloader;
		};
		773A676E2BBF639C00A76933 /* FirebaseMessaging */ = {
			isa = XCSwiftPackageProductDependency;
			productName = FirebaseMessaging;
		};
		773A67702BBF639C00A76933 /* FirebasePerformance */ = {
			isa = XCSwiftPackageProductDependency;
			productName = FirebasePerformance;
		};
		773A67722BBF639C00A76933 /* FirebaseRemoteConfig */ = {
			isa = XCSwiftPackageProductDependency;
			productName = FirebaseRemoteConfig;
		};
		773A67742BBF639C00A76933 /* FirebaseRemoteConfigSwift */ = {
			isa = XCSwiftPackageProductDependency;
			productName = FirebaseRemoteConfigSwift;
		};
		773A67762BBF639C00A76933 /* FirebaseStorage */ = {
			isa = XCSwiftPackageProductDependency;
			productName = FirebaseStorage;
		};
		773A67782BBF639C00A76933 /* FirebaseStorageCombine-Community */ = {
			isa = XCSwiftPackageProductDependency;
			productName = "FirebaseStorageCombine-Community";
		};
/* End XCSwiftPackageProductDependency section */
	};
	rootObject = 773A66E92BBF60F800A76933 /* Project object */;
}
